# This file is automatically @generated by Cargo.
# It is not intended for manual editing.
version = 4

[[package]]
name = "test-better"
version = "0.0.0"

[[package]]
name = "test-better-async"
version = "0.0.0"

[[package]]
name = "test-better-core"
version = "0.0.0"

[[package]]
name = "test-better-macros"
version = "0.0.0"

[[package]]
name = "test-better-matchers"
version = "0.0.0"

[[package]]
name = "test-better-property"
version = "0.0.0"

[[package]]
name = "test-better-runner"
version = "0.0.0"

[[package]]
name = "test-better-snapshot"
version = "0.0.0"
